Microsoft Visual Studio Solution File, Format Version 12.00
# Visual Studio Version 17
VisualStudioVersion = 17.5.2.0
MinimumVisualStudioVersion = 10.0.40219.1
Project("{2150E333-8FDC-42A3-9474-1A3956D46DE8}") = "boolean", "boolean", "{03AF7046-CB6C-7CE2-B986-CE240510CEBB}"
EndProject
Project("{FAE04EC0-301F-11D3-BF4B-00C04F79EFBC}") = "TestProject", "boolean\TestProject\TestProject.csproj", "{BB6B07E3-ECD8-8966-29B8-CB7059B2BA92}"
EndProject
Global
	GlobalSection(SolutionConfigurationPlatforms) = preSolution
		Debug|Any CPU = Debug|Any CPU
		Release|Any CPU = Release|Any CPU
	EndGlobalSection
	GlobalSection(ProjectConfigurationPlatforms) = postSolution
		{BB6B07E3-ECD8-8966-29B8-CB7059B2BA92}.Debug|Any CPU.ActiveCfg = Debug|Any CPU
		{BB6B07E3-ECD8-8966-29B8-CB7059B2BA92}.Debug|Any CPU.Build.0 = Debug|Any CPU
		{BB6B07E3-ECD8-8966-29B8-CB7059B2BA92}.Release|Any CPU.ActiveCfg = Release|Any CPU
		{BB6B07E3-ECD8-8966-29B8-CB7059B2BA92}.Release|Any CPU.Build.0 = Release|Any CPU
	EndGlobalSection
	GlobalSection(SolutionProperties) = preSolution
		HideSolutionNode = FALSE
	EndGlobalSection
	GlobalSection(NestedProjects) = preSolution
		{BB6B07E3-ECD8-8966-29B8-CB7059B2BA92} = {03AF7046-CB6C-7CE2-B986-CE240510CEBB}
	EndGlobalSection
	GlobalSection(ExtensibilityGlobals) = postSolution
		SolutionGuid = {C9D62D7A-9959-451F-AC3A-2BC03D178C7C}
	EndGlobalSection
EndGlobal
